
Microsoft Visual Studio Solution File, Format Version 12.00
# Visual Studio Version 17
VisualStudioVersion = 17.0.31903.59
MinimumVisualStudioVersion = 10.0.40219.1
Project("{FAE04EC0-301F-11D3-BF4B-00C04F79EFBC}") = "Api", "Api\Api.csproj", "{F21EB70C-86FE-4703-BE5D-521EB2BE700F}"
EndProject
Project("{FAE04EC0-301F-11D3-BF4B-00C04F79EFBC}") = "Application", "Application\Application.csproj", "{C3B62BA3-D02A-44CA-8738-4A539F8C3F35}"
EndProject
Project("{FAE04EC0-301F-11D3-BF4B-00C04F79EFBC}") = "Domain", "Domain\Domain.csproj", "{B1D2DCD1-60CE-4DFF-AEDD-9300D69B55ED}"
EndProject
Project("{FAE04EC0-301F-11D3-BF4B-00C04F79EFBC}") = "Persistence", "Persistence\Persistence.csproj", "{53451E48-28C2-4142-8E97-A3A4BA69310C}"
EndProject
Global
	GlobalSection(SolutionConfigurationPlatforms) = preSolution
		Debug|Any CPU = Debug|Any CPU
		Release|Any CPU = Release|Any CPU
	EndGlobalSection
	GlobalSection(SolutionProperties) = preSolution
		HideSolutionNode = FALSE
	EndGlobalSection
	GlobalSection(ProjectConfigurationPlatforms) = postSolution
		{F21EB70C-86FE-4703-BE5D-521EB2BE700F}.Debug|Any CPU.ActiveCfg = Debug|Any CPU
		{F21EB70C-86FE-4703-BE5D-521EB2BE700F}.Debug|Any CPU.Build.0 = Debug|Any CPU
		{F21EB70C-86FE-4703-BE5D-521EB2BE700F}.Release|Any CPU.ActiveCfg = Release|Any CPU
		{F21EB70C-86FE-4703-BE5D-521EB2BE700F}.Release|Any CPU.Build.0 = Release|Any CPU
		{C3B62BA3-D02A-44CA-8738-4A539F8C3F35}.Debug|Any CPU.ActiveCfg = Debug|Any CPU
		{C3B62BA3-D02A-44CA-8738-4A539F8C3F35}.Debug|Any CPU.Build.0 = Debug|Any CPU
		{C3B62BA3-D02A-44CA-8738-4A539F8C3F35}.Release|Any CPU.ActiveCfg = Release|Any CPU
		{C3B62BA3-D02A-44CA-8738-4A539F8C3F35}.Release|Any CPU.Build.0 = Release|Any CPU
		{B1D2DCD1-60CE-4DFF-AEDD-9300D69B55ED}.Debug|Any CPU.ActiveCfg = Debug|Any CPU
		{B1D2DCD1-60CE-4DFF-AEDD-9300D69B55ED}.Debug|Any CPU.Build.0 = Debug|Any CPU
		{B1D2DCD1-60CE-4DFF-AEDD-9300D69B55ED}.Release|Any CPU.ActiveCfg = Release|Any CPU
		{B1D2DCD1-60CE-4DFF-AEDD-9300D69B55ED}.Release|Any CPU.Build.0 = Release|Any CPU
		{53451E48-28C2-4142-8E97-A3A4BA69310C}.Debug|Any CPU.ActiveCfg = Debug|Any CPU
		{53451E48-28C2-4142-8E97-A3A4BA69310C}.Debug|Any CPU.Build.0 = Debug|Any CPU
		{53451E48-28C2-4142-8E97-A3A4BA69310C}.Release|Any CPU.ActiveCfg = Release|Any CPU
		{53451E48-28C2-4142-8E97-A3A4BA69310C}.Release|Any CPU.Build.0 = Release|Any CPU
	EndGlobalSection
EndGlobal
