
Microsoft Visual Studio Solution File, Format Version 12.00
# Visual Studio Version 17
VisualStudioVersion = 17.0.31903.59
MinimumVisualStudioVersion = 10.0.40219.1
Project("{FAE04EC0-301F-11D3-BF4B-00C04F79EFBC}") = "API", "API\API.csproj", "{25EBA471-D6AF-462E-BA0C-16B480D5883E}"
EndProject
Project("{FAE04EC0-301F-11D3-BF4B-00C04F79EFBC}") = "Application", "Application\Application.csproj", "{382BDC92-3156-4900-B7E6-F78A23832816}"
EndProject
Project("{FAE04EC0-301F-11D3-BF4B-00C04F79EFBC}") = "Domain", "Domain\Domain.csproj", "{35A6AB4D-56E8-4617-9F4C-B1FA1753B8F3}"
EndProject
Project("{FAE04EC0-301F-11D3-BF4B-00C04F79EFBC}") = "Persistence", "Persistence\Persistence.csproj", "{37304021-1D26-40A0-9047-819CB9D798D8}"
EndProject
Global
	GlobalSection(SolutionConfigurationPlatforms) = preSolution
		Debug|Any CPU = Debug|Any CPU
		Release|Any CPU = Release|Any CPU
	EndGlobalSection
	GlobalSection(SolutionProperties) = preSolution
		HideSolutionNode = FALSE
	EndGlobalSection
	GlobalSection(ProjectConfigurationPlatforms) = postSolution
		{25EBA471-D6AF-462E-BA0C-16B480D5883E}.Debug|Any CPU.ActiveCfg = Debug|Any CPU
		{25EBA471-D6AF-462E-BA0C-16B480D5883E}.Debug|Any CPU.Build.0 = Debug|Any CPU
		{25EBA471-D6AF-462E-BA0C-16B480D5883E}.Release|Any CPU.ActiveCfg = Release|Any CPU
		{25EBA471-D6AF-462E-BA0C-16B480D5883E}.Release|Any CPU.Build.0 = Release|Any CPU
		{382BDC92-3156-4900-B7E6-F78A23832816}.Debug|Any CPU.ActiveCfg = Debug|Any CPU
		{382BDC92-3156-4900-B7E6-F78A23832816}.Debug|Any CPU.Build.0 = Debug|Any CPU
		{382BDC92-3156-4900-B7E6-F78A23832816}.Release|Any CPU.ActiveCfg = Release|Any CPU
		{382BDC92-3156-4900-B7E6-F78A23832816}.Release|Any CPU.Build.0 = Release|Any CPU
		{35A6AB4D-56E8-4617-9F4C-B1FA1753B8F3}.Debug|Any CPU.ActiveCfg = Debug|Any CPU
		{35A6AB4D-56E8-4617-9F4C-B1FA1753B8F3}.Debug|Any CPU.Build.0 = Debug|Any CPU
		{35A6AB4D-56E8-4617-9F4C-B1FA1753B8F3}.Release|Any CPU.ActiveCfg = Release|Any CPU
		{35A6AB4D-56E8-4617-9F4C-B1FA1753B8F3}.Release|Any CPU.Build.0 = Release|Any CPU
		{37304021-1D26-40A0-9047-819CB9D798D8}.Debug|Any CPU.ActiveCfg = Debug|Any CPU
		{37304021-1D26-40A0-9047-819CB9D798D8}.Debug|Any CPU.Build.0 = Debug|Any CPU
		{37304021-1D26-40A0-9047-819CB9D798D8}.Release|Any CPU.ActiveCfg = Release|Any CPU
		{37304021-1D26-40A0-9047-819CB9D798D8}.Release|Any CPU.Build.0 = Release|Any CPU
	EndGlobalSection
EndGlobal
